{
  "name": "@kjou/test",
  "version": "0.3.1",
  "lockfileVersion": 1,
  "requires": true,
  "dependencies": {
    "@kjou/ansi": {
      "version": "github:RobinBlomberg/ansi#f7a3544fe4e53534fef7b42af52d42927923efd7",
      "from": "github:RobinBlomberg/ansi#release/0.3.1"
    },
    "@kjou/error": {
      "version": "github:RobinBlomberg/error#9fa48f1234150ac2013e70f791f26dd0bef2b551",
      "from": "github:RobinBlomberg/error#release/0.3.1",
      "requires": {
        "@kjou/ansi": "github:RobinBlomberg/ansi#release/0.3.1",
        "@kjou/inspect": "github:RobinBlomberg/inspect#release/0.3.1"
      }
    },
    "@kjou/inspect": {
      "version": "github:RobinBlomberg/inspect#b1c2090cd6f9d0e016cb5ae6943cb713e3ec4ee7",
      "from": "github:RobinBlomberg/inspect#release/0.3.1",
      "requires": {
        "@kjou/ansi": "github:RobinBlomberg/ansi#release/0.3.1",
        "@kjou/utility": "github:RobinBlomberg/utility#release/0.3.1"
      }
    },
    "@kjou/utility": {
      "version": "github:RobinBlomberg/utility#b3004067d78edf3d11141468a4498a55c56c96d6",
      "from": "github:RobinBlomberg/utility#release/0.3.1"
    }
  }
}
