{
  "name": "@kjou/test",
  "version": "0.4.3",
  "lockfileVersion": 1,
  "requires": true,
  "dependencies": {
    "@kjou/ansi": {
      "version": "github:RobinBlomberg/ansi#7631ce1bfcdbe0d4fba6de16921b70ff8ccd4b64",
      "from": "github:RobinBlomberg/ansi#release/0.3.1"
    },
    "@kjou/assert": {
      "version": "github:RobinBlomberg/assert#3ccd7cbdfeb5335a30aab64607efee890eb32337",
      "from": "github:RobinBlomberg/assert#release/0.1.1",
      "requires": {
        "@kjou/error": "github:RobinBlomberg/error#release/0.3.6"
      }
    },
    "@kjou/error": {
      "version": "github:RobinBlomberg/error#0b1a7cf942d0a7136afd2c7aee1212fae8bc5e63",
      "from": "github:RobinBlomberg/error#release/0.3.6",
      "requires": {
        "@kjou/ansi": "github:RobinBlomberg/ansi#release/0.3.1",
        "@kjou/inspect": "github:RobinBlomberg/inspect#release/0.3.1"
      }
    },
    "@kjou/inspect": {
      "version": "github:RobinBlomberg/inspect#f3dd1a1d90d56f1c0832ab34f3b8c21b4872134b",
      "from": "github:RobinBlomberg/inspect#release/0.3.1",
      "requires": {
        "@kjou/ansi": "github:RobinBlomberg/ansi#release/0.3.1",
        "@kjou/utility": "github:RobinBlomberg/utility#release/0.3.1"
      }
    },
    "@kjou/utility": {
      "version": "github:RobinBlomberg/utility#bfe7257cf32fbc84d599f28c7dcccc83a38c1238",
      "from": "github:RobinBlomberg/utility#release/0.3.1"
    }
  }
}
